# This file was autogenerated by Stack.
# You should not edit this file by hand.
# For more information, please see the documentation at:
#   https://docs.haskellstack.org/en/stable/lock_files

packages:
- completed:
    hackage: haskoin-core-0.21.1@sha256:91bc95c4aad397f24bda2fc3a58d057705c6c599e0ea71995d5ff3a56eedcc78,4931
    pantry-tree:
      size: 5525
      sha256: fbcb9818de0fbe306db40d12b8c337328f5d9486bdc0c5065fc4ed25595e4c1e
  original:
    hackage: haskoin-core-0.21.1
- completed:
    hackage: haskoin-store-data-0.65.0@sha256:092c8e28f26249bc84f677f7f542cedf9c1af8130f076699c7801e0b4d2e84e2,2623
    pantry-tree:
      size: 675
      sha256: 7e8fa26cf4d33deea8e609ba7dfbdadd194f44342567e9c8dfc79c742b93b68c
  original:
    hackage: haskoin-store-data-0.65.0
- completed:
    hackage: parsec-extra-0.2.0.0@sha256:47f16e5d00cb62db52d126903787dcccc94d500cfbcb54316f5db00f31da4fa2,735
    pantry-tree:
      size: 225
      sha256: 8d8d15ac5aca977855d1fe89f3f23ecbbddc604e3cb887af5c27b540dba49ffc
  original:
    hackage: parsec-extra-0.2.0.0
snapshots:
- completed:
    size: 617368
    url: https://raw.githubusercontent.com/commercialhaskell/stackage-snapshots/master/lts/19/3.yaml
    sha256: a209d3455279ee76eb45f01f73bbb960ceaaa8dfad8891435384689df4dcb653
  original: lts-19.3
