# This file was autogenerated by Stack.
# You should not edit this file by hand.
# For more information, please see the documentation at:
#   https://docs.haskellstack.org/en/stable/lock_files

packages:
- completed:
    size: 445088
    url: https://github.com/haskoin/haskoin-core/archive/1196c5a3efffc887670c62c6ead2ec45d9d3a5db.tar.gz
    name: haskoin-core
    version: 0.20.0
    sha256: d711eb32e44d6ac70a0f65ceb0a33df1f65c460d6ca282176fec2f24a0347c0f
    pantry-tree:
      size: 6319
      sha256: a865c7e7aeefc728ccd5d53cba7e850ffda1aad11fdd9fad8831dd3858997710
  original:
    url: https://github.com/haskoin/haskoin-core/archive/1196c5a3efffc887670c62c6ead2ec45d9d3a5db.tar.gz
- completed:
    size: 127191
    subdir: data
    url: https://github.com/haskoin/haskoin-store/archive/d7ce11d1f2d222b172b6c902e816590fb8ed1f50.tar.gz
    name: haskoin-store-data
    version: 0.52.0
    sha256: 86e72b791d62a3d1cb40417914769260a2932220ded1416f51a46c2b088527ab
    pantry-tree:
      size: 728
      sha256: 7d9e324e17359901ab9e02f6db7a9da94aeeb7c6e71b212456a8ebcf03480270
  original:
    subdir: data
    url: https://github.com/haskoin/haskoin-store/archive/d7ce11d1f2d222b172b6c902e816590fb8ed1f50.tar.gz
- completed:
    hackage: parsec-extra-0.2.0.0@sha256:47f16e5d00cb62db52d126903787dcccc94d500cfbcb54316f5db00f31da4fa2,735
    pantry-tree:
      size: 225
      sha256: 8d8d15ac5aca977855d1fe89f3f23ecbbddc604e3cb887af5c27b540dba49ffc
  original:
    hackage: parsec-extra-0.2.0.0
snapshots:
- completed:
    size: 565715
    url: https://raw.githubusercontent.com/commercialhaskell/stackage-snapshots/master/lts/17/7.yaml
    sha256: 1b5e4124989399e60e7a7901f0cefd910beea546131fb07a13a7208c4cc8b7ee
  original: lts-17.7
