# This file was autogenerated by Stack.
# You should not edit this file by hand.
# For more information, please see the documentation at:
#   https://docs.haskellstack.org/en/stable/lock_files

packages:
- completed:
    commit: 520b0b241f7e108771b0b0fd274a7c329f65ce1c
    git: https://github.com/haskoin/haskoin-core.git
    name: haskoin-core
    pantry-tree:
      sha256: 5b6b7ddc6eae4d0c56f8af5f2485476a47ea82ecfcc97a70f1ff3524f3f269d9
      size: 7357
    version: 1.0.3
  original:
    commit: 520b0b241f7e108771b0b0fd274a7c329f65ce1c
    git: https://github.com/haskoin/haskoin-core.git
- completed:
    commit: ec282a95bdb4f4900da540c5d777c328e378ce36
    git: https://github.com/haskoin/haskoin-store.git
    name: haskoin-store-data
    pantry-tree:
      sha256: 358864bbacdb6db4a777d74042dce0e2157b0a719b96c56fc5218fda10361573
      size: 624
    subdir: data
    version: 1.1.0
  original:
    commit: ec282a95bdb4f4900da540c5d777c328e378ce36
    git: https://github.com/haskoin/haskoin-store.git
    subdir: data
snapshots:
- completed:
    sha256: d4a54df12888fc5d1ef2d4ff987225fa7bedb2cff74385b33fbec4a384ebd619
    size: 644615
    url: https://raw.githubusercontent.com/commercialhaskell/stackage-snapshots/master/nightly/2023/8/2.yaml
  original: nightly-2023-08-02
